
Microsoft Visual Studio Solution File, Format Version 12.00
# Visual Studio Version 16
VisualStudioVersion = 16.0.30523.141
MinimumVisualStudioVersion = 10.0.40219.1
Project("{2150E333-8FDC-42A3-9474-1A3956D46DE8}") = "01_ENTITY", "01_ENTITY", "{D6997D40-4BC6-4F02-94A8-FDAAC6D9F1F2}"
EndProject
Project("{2150E333-8FDC-42A3-9474-1A3956D46DE8}") = "02_DAL", "02_DAL", "{D4F4278A-F830-44D3-8D6E-580702EC0148}"
EndProject
Project("{2150E333-8FDC-42A3-9474-1A3956D46DE8}") = "03_MAPPER", "03_MAPPER", "{D9BBF68E-89CD-4539-B168-B147919B53EC}"
EndProject
Project("{2150E333-8FDC-42A3-9474-1A3956D46DE8}") = "04_BLL", "04_BLL", "{8CEA3FA9-659C-4F74-8173-9049D1A8ABEC}"
EndProject
Project("{FAE04EC0-301F-11D3-BF4B-00C04F79EFBC}") = "ENTITY", "ENTITY\ENTITY.csproj", "{D82DECE0-2686-48E2-8C2F-468B06E7281D}"
EndProject
Project("{FAE04EC0-301F-11D3-BF4B-00C04F79EFBC}") = "DAL", "DAL\DAL.csproj", "{379A13AA-FDA1-4928-9BFB-2DC6E84233CC}"
EndProject
Project("{FAE04EC0-301F-11D3-BF4B-00C04F79EFBC}") = "MAPPER", "MAPPER\MAPPER.csproj", "{16CF3602-9F63-4775-B903-66009CB5B984}"
EndProject
Project("{FAE04EC0-301F-11D3-BF4B-00C04F79EFBC}") = "BLL", "BLL\BLL.csproj", "{F2DC8290-B7F9-4B5E-BAF5-A665F95EE0D0}"
EndProject
Project("{2150E333-8FDC-42A3-9474-1A3956D46DE8}") = "05_API", "05_API", "{35B17379-B832-4125-BF4E-54135F88153A}"
EndProject
Project("{FAE04EC0-301F-11D3-BF4B-00C04F79EFBC}") = "API", "API\API.csproj", "{A6D42BC6-D8B1-46F3-A503-8F31CBD2FFE1}"
EndProject
Global
	GlobalSection(SolutionConfigurationPlatforms) = preSolution
		Debug|Any CPU = Debug|Any CPU
		Release|Any CPU = Release|Any CPU
	EndGlobalSection
	GlobalSection(ProjectConfigurationPlatforms) = postSolution
		{D82DECE0-2686-48E2-8C2F-468B06E7281D}.Debug|Any CPU.ActiveCfg = Debug|Any CPU
		{D82DECE0-2686-48E2-8C2F-468B06E7281D}.Debug|Any CPU.Build.0 = Debug|Any CPU
		{D82DECE0-2686-48E2-8C2F-468B06E7281D}.Release|Any CPU.ActiveCfg = Release|Any CPU
		{D82DECE0-2686-48E2-8C2F-468B06E7281D}.Release|Any CPU.Build.0 = Release|Any CPU
		{379A13AA-FDA1-4928-9BFB-2DC6E84233CC}.Debug|Any CPU.ActiveCfg = Debug|Any CPU
		{379A13AA-FDA1-4928-9BFB-2DC6E84233CC}.Debug|Any CPU.Build.0 = Debug|Any CPU
		{379A13AA-FDA1-4928-9BFB-2DC6E84233CC}.Release|Any CPU.ActiveCfg = Release|Any CPU
		{379A13AA-FDA1-4928-9BFB-2DC6E84233CC}.Release|Any CPU.Build.0 = Release|Any CPU
		{16CF3602-9F63-4775-B903-66009CB5B984}.Debug|Any CPU.ActiveCfg = Debug|Any CPU
		{16CF3602-9F63-4775-B903-66009CB5B984}.Debug|Any CPU.Build.0 = Debug|Any CPU
		{16CF3602-9F63-4775-B903-66009CB5B984}.Release|Any CPU.ActiveCfg = Release|Any CPU
		{16CF3602-9F63-4775-B903-66009CB5B984}.Release|Any CPU.Build.0 = Release|Any CPU
		{F2DC8290-B7F9-4B5E-BAF5-A665F95EE0D0}.Debug|Any CPU.ActiveCfg = Debug|Any CPU
		{F2DC8290-B7F9-4B5E-BAF5-A665F95EE0D0}.Debug|Any CPU.Build.0 = Debug|Any CPU
		{F2DC8290-B7F9-4B5E-BAF5-A665F95EE0D0}.Release|Any CPU.ActiveCfg = Release|Any CPU
		{F2DC8290-B7F9-4B5E-BAF5-A665F95EE0D0}.Release|Any CPU.Build.0 = Release|Any CPU
		{A6D42BC6-D8B1-46F3-A503-8F31CBD2FFE1}.Debug|Any CPU.ActiveCfg = Debug|Any CPU
		{A6D42BC6-D8B1-46F3-A503-8F31CBD2FFE1}.Debug|Any CPU.Build.0 = Debug|Any CPU
		{A6D42BC6-D8B1-46F3-A503-8F31CBD2FFE1}.Release|Any CPU.ActiveCfg = Release|Any CPU
		{A6D42BC6-D8B1-46F3-A503-8F31CBD2FFE1}.Release|Any CPU.Build.0 = Release|Any CPU
	EndGlobalSection
	GlobalSection(SolutionProperties) = preSolution
		HideSolutionNode = FALSE
	EndGlobalSection
	GlobalSection(NestedProjects) = preSolution
		{D82DECE0-2686-48E2-8C2F-468B06E7281D} = {D6997D40-4BC6-4F02-94A8-FDAAC6D9F1F2}
		{379A13AA-FDA1-4928-9BFB-2DC6E84233CC} = {D4F4278A-F830-44D3-8D6E-580702EC0148}
		{16CF3602-9F63-4775-B903-66009CB5B984} = {D9BBF68E-89CD-4539-B168-B147919B53EC}
		{F2DC8290-B7F9-4B5E-BAF5-A665F95EE0D0} = {8CEA3FA9-659C-4F74-8173-9049D1A8ABEC}
		{A6D42BC6-D8B1-46F3-A503-8F31CBD2FFE1} = {35B17379-B832-4125-BF4E-54135F88153A}
	EndGlobalSection
	GlobalSection(ExtensibilityGlobals) = postSolution
		SolutionGuid = {0832A22B-2CB1-440A-8401-67505A3355E1}
	EndGlobalSection
EndGlobal
